
Microsoft Visual Studio Solution File, Format Version 12.00
# Visual Studio Version 17
VisualStudioVersion = 17.13.35825.156
MinimumVisualStudioVersion = 10.0.40219.1
Project("{FAE04EC0-301F-11D3-BF4B-00C04F79EFBC}") = "BasicMath", "BasicMath.csproj", "{9AE0DFA3-CD72-42ED-B27B-B089D0233A11}"
EndProject
Project("{FAE04EC0-301F-11D3-BF4B-00C04F79EFBC}") = "BasicMathTests", "..\BasicMathTests\BasicMathTests.csproj", "{5BDDD96A-55B8-404B-B728-A3967368B054}"
EndProject
Project("{FAE04EC0-301F-11D3-BF4B-00C04F79EFBC}") = "BankAccountApp", "..\BankAccountApp\BankAccountApp.csproj", "{4B28A667-C47E-42F3-94A1-33BDF9F2CDA9}"
EndProject
Project("{FAE04EC0-301F-11D3-BF4B-00C04F79EFBC}") = "BankAccountTests", "..\BankAccountTests\BankAccountTests.csproj", "{5DF61576-4963-4DF1-BE65-05810D6CAF31}"
EndProject
Project("{FAE04EC0-301F-11D3-BF4B-00C04F79EFBC}") = "LoginAutomation", "..\LoginAutomation\LoginAutomation.csproj", "{2007624F-F42E-45E7-BABE-3159ACF21558}"
EndProject
Global
	GlobalSection(SolutionConfigurationPlatforms) = preSolution
		Debug|Any CPU = Debug|Any CPU
		Release|Any CPU = Release|Any CPU
	EndGlobalSection
	GlobalSection(ProjectConfigurationPlatforms) = postSolution
		{9AE0DFA3-CD72-42ED-B27B-B089D0233A11}.Debug|Any CPU.ActiveCfg = Debug|Any CPU
		{9AE0DFA3-CD72-42ED-B27B-B089D0233A11}.Debug|Any CPU.Build.0 = Debug|Any CPU
		{9AE0DFA3-CD72-42ED-B27B-B089D0233A11}.Release|Any CPU.ActiveCfg = Release|Any CPU
		{9AE0DFA3-CD72-42ED-B27B-B089D0233A11}.Release|Any CPU.Build.0 = Release|Any CPU
		{5BDDD96A-55B8-404B-B728-A3967368B054}.Debug|Any CPU.ActiveCfg = Debug|Any CPU
		{5BDDD96A-55B8-404B-B728-A3967368B054}.Debug|Any CPU.Build.0 = Debug|Any CPU
		{5BDDD96A-55B8-404B-B728-A3967368B054}.Release|Any CPU.ActiveCfg = Release|Any CPU
		{5BDDD96A-55B8-404B-B728-A3967368B054}.Release|Any CPU.Build.0 = Release|Any CPU
		{4B28A667-C47E-42F3-94A1-33BDF9F2CDA9}.Debug|Any CPU.ActiveCfg = Debug|Any CPU
		{4B28A667-C47E-42F3-94A1-33BDF9F2CDA9}.Debug|Any CPU.Build.0 = Debug|Any CPU
		{4B28A667-C47E-42F3-94A1-33BDF9F2CDA9}.Release|Any CPU.ActiveCfg = Release|Any CPU
		{4B28A667-C47E-42F3-94A1-33BDF9F2CDA9}.Release|Any CPU.Build.0 = Release|Any CPU
		{5DF61576-4963-4DF1-BE65-05810D6CAF31}.Debug|Any CPU.ActiveCfg = Debug|Any CPU
		{5DF61576-4963-4DF1-BE65-05810D6CAF31}.Debug|Any CPU.Build.0 = Debug|Any CPU
		{5DF61576-4963-4DF1-BE65-05810D6CAF31}.Release|Any CPU.ActiveCfg = Release|Any CPU
		{5DF61576-4963-4DF1-BE65-05810D6CAF31}.Release|Any CPU.Build.0 = Release|Any CPU
		{2007624F-F42E-45E7-BABE-3159ACF21558}.Debug|Any CPU.ActiveCfg = Debug|Any CPU
		{2007624F-F42E-45E7-BABE-3159ACF21558}.Debug|Any CPU.Build.0 = Debug|Any CPU
		{2007624F-F42E-45E7-BABE-3159ACF21558}.Release|Any CPU.ActiveCfg = Release|Any CPU
		{2007624F-F42E-45E7-BABE-3159ACF21558}.Release|Any CPU.Build.0 = Release|Any CPU
	EndGlobalSection
	GlobalSection(SolutionProperties) = preSolution
		HideSolutionNode = FALSE
	EndGlobalSection
	GlobalSection(ExtensibilityGlobals) = postSolution
		SolutionGuid = {EDE6C4F8-917A-4728-B1FF-B337FB3CF239}
	EndGlobalSection
EndGlobal
